
Microsoft Visual Studio Solution File, Format Version 12.00
# Visual Studio Version 17
VisualStudioVersion = 17.0.31903.59
MinimumVisualStudioVersion = 10.0.40219.1
Project("{2150E333-8FDC-42A3-9474-1A3956D46DE8}") = "src", "src", "{827E0CD3-B72D-47B6-A68D-7590B98EB39B}"
EndProject
Project("{FAE04EC0-301F-11D3-BF4B-00C04F79EFBC}") = "LibraryManagement.Domain", "src\LibraryManagement.Domain\LibraryManagement.Domain.csproj", "{2D309FED-9279-4B6A-A734-779020902361}"
EndProject
Project("{FAE04EC0-301F-11D3-BF4B-00C04F79EFBC}") = "LibraryManagement.Application", "src\LibraryManagement.Application\LibraryManagement.Application.csproj", "{CDCB2BB0-2597-4018-B8F7-8CC49F174340}"
EndProject
Project("{FAE04EC0-301F-11D3-BF4B-00C04F79EFBC}") = "LibraryManagement.Infrastructure", "src\LibraryManagement.Infrastructure\LibraryManagement.Infrastructure.csproj", "{787807A7-5C9F-40D8-817F-3E5D5A5EF12D}"
EndProject
Project("{FAE04EC0-301F-11D3-BF4B-00C04F79EFBC}") = "LibraryManagement.API", "src\LibraryManagement.API\LibraryManagement.API.csproj", "{7238990C-D66D-4EED-9A14-DBBDFAB8C476}"
EndProject
Global
	GlobalSection(SolutionConfigurationPlatforms) = preSolution
		Debug|Any CPU = Debug|Any CPU
		Debug|x64 = Debug|x64
		Debug|x86 = Debug|x86
		Release|Any CPU = Release|Any CPU
		Release|x64 = Release|x64
		Release|x86 = Release|x86
	EndGlobalSection
	GlobalSection(ProjectConfigurationPlatforms) = postSolution
		{2D309FED-9279-4B6A-A734-779020902361}.Debug|Any CPU.ActiveCfg = Debug|Any CPU
		{2D309FED-9279-4B6A-A734-779020902361}.Debug|Any CPU.Build.0 = Debug|Any CPU
		{2D309FED-9279-4B6A-A734-779020902361}.Debug|x64.ActiveCfg = Debug|Any CPU
		{2D309FED-9279-4B6A-A734-779020902361}.Debug|x64.Build.0 = Debug|Any CPU
		{2D309FED-9279-4B6A-A734-779020902361}.Debug|x86.ActiveCfg = Debug|Any CPU
		{2D309FED-9279-4B6A-A734-779020902361}.Debug|x86.Build.0 = Debug|Any CPU
		{2D309FED-9279-4B6A-A734-779020902361}.Release|Any CPU.ActiveCfg = Release|Any CPU
		{2D309FED-9279-4B6A-A734-779020902361}.Release|Any CPU.Build.0 = Release|Any CPU
		{2D309FED-9279-4B6A-A734-779020902361}.Release|x64.ActiveCfg = Release|Any CPU
		{2D309FED-9279-4B6A-A734-779020902361}.Release|x64.Build.0 = Release|Any CPU
		{2D309FED-9279-4B6A-A734-779020902361}.Release|x86.ActiveCfg = Release|Any CPU
		{2D309FED-9279-4B6A-A734-779020902361}.Release|x86.Build.0 = Release|Any CPU
		{CDCB2BB0-2597-4018-B8F7-8CC49F174340}.Debug|Any CPU.ActiveCfg = Debug|Any CPU
		{CDCB2BB0-2597-4018-B8F7-8CC49F174340}.Debug|Any CPU.Build.0 = Debug|Any CPU
		{CDCB2BB0-2597-4018-B8F7-8CC49F174340}.Debug|x64.ActiveCfg = Debug|Any CPU
		{CDCB2BB0-2597-4018-B8F7-8CC49F174340}.Debug|x64.Build.0 = Debug|Any CPU
		{CDCB2BB0-2597-4018-B8F7-8CC49F174340}.Debug|x86.ActiveCfg = Debug|Any CPU
		{CDCB2BB0-2597-4018-B8F7-8CC49F174340}.Debug|x86.Build.0 = Debug|Any CPU
		{CDCB2BB0-2597-4018-B8F7-8CC49F174340}.Release|Any CPU.ActiveCfg = Release|Any CPU
		{CDCB2BB0-2597-4018-B8F7-8CC49F174340}.Release|Any CPU.Build.0 = Release|Any CPU
		{CDCB2BB0-2597-4018-B8F7-8CC49F174340}.Release|x64.ActiveCfg = Release|Any CPU
		{CDCB2BB0-2597-4018-B8F7-8CC49F174340}.Release|x64.Build.0 = Release|Any CPU
		{CDCB2BB0-2597-4018-B8F7-8CC49F174340}.Release|x86.ActiveCfg = Release|Any CPU
		{CDCB2BB0-2597-4018-B8F7-8CC49F174340}.Release|x86.Build.0 = Release|Any CPU
		{787807A7-5C9F-40D8-817F-3E5D5A5EF12D}.Debug|Any CPU.ActiveCfg = Debug|Any CPU
		{787807A7-5C9F-40D8-817F-3E5D5A5EF12D}.Debug|Any CPU.Build.0 = Debug|Any CPU
		{787807A7-5C9F-40D8-817F-3E5D5A5EF12D}.Debug|x64.ActiveCfg = Debug|Any CPU
		{787807A7-5C9F-40D8-817F-3E5D5A5EF12D}.Debug|x64.Build.0 = Debug|Any CPU
		{787807A7-5C9F-40D8-817F-3E5D5A5EF12D}.Debug|x86.ActiveCfg = Debug|Any CPU
		{787807A7-5C9F-40D8-817F-3E5D5A5EF12D}.Debug|x86.Build.0 = Debug|Any CPU
		{787807A7-5C9F-40D8-817F-3E5D5A5EF12D}.Release|Any CPU.ActiveCfg = Release|Any CPU
		{787807A7-5C9F-40D8-817F-3E5D5A5EF12D}.Release|Any CPU.Build.0 = Release|Any CPU
		{787807A7-5C9F-40D8-817F-3E5D5A5EF12D}.Release|x64.ActiveCfg = Release|Any CPU
		{787807A7-5C9F-40D8-817F-3E5D5A5EF12D}.Release|x64.Build.0 = Release|Any CPU
		{787807A7-5C9F-40D8-817F-3E5D5A5EF12D}.Release|x86.ActiveCfg = Release|Any CPU
		{787807A7-5C9F-40D8-817F-3E5D5A5EF12D}.Release|x86.Build.0 = Release|Any CPU
		{7238990C-D66D-4EED-9A14-DBBDFAB8C476}.Debug|Any CPU.ActiveCfg = Debug|Any CPU
		{7238990C-D66D-4EED-9A14-DBBDFAB8C476}.Debug|Any CPU.Build.0 = Debug|Any CPU
		{7238990C-D66D-4EED-9A14-DBBDFAB8C476}.Debug|x64.ActiveCfg = Debug|Any CPU
		{7238990C-D66D-4EED-9A14-DBBDFAB8C476}.Debug|x64.Build.0 = Debug|Any CPU
		{7238990C-D66D-4EED-9A14-DBBDFAB8C476}.Debug|x86.ActiveCfg = Debug|Any CPU
		{7238990C-D66D-4EED-9A14-DBBDFAB8C476}.Debug|x86.Build.0 = Debug|Any CPU
		{7238990C-D66D-4EED-9A14-DBBDFAB8C476}.Release|Any CPU.ActiveCfg = Release|Any CPU
		{7238990C-D66D-4EED-9A14-DBBDFAB8C476}.Release|Any CPU.Build.0 = Release|Any CPU
		{7238990C-D66D-4EED-9A14-DBBDFAB8C476}.Release|x64.ActiveCfg = Release|Any CPU
		{7238990C-D66D-4EED-9A14-DBBDFAB8C476}.Release|x64.Build.0 = Release|Any CPU
		{7238990C-D66D-4EED-9A14-DBBDFAB8C476}.Release|x86.ActiveCfg = Release|Any CPU
		{7238990C-D66D-4EED-9A14-DBBDFAB8C476}.Release|x86.Build.0 = Release|Any CPU
	EndGlobalSection
	GlobalSection(SolutionProperties) = preSolution
		HideSolutionNode = FALSE
	EndGlobalSection
	GlobalSection(NestedProjects) = preSolution
		{2D309FED-9279-4B6A-A734-779020902361} = {827E0CD3-B72D-47B6-A68D-7590B98EB39B}
		{CDCB2BB0-2597-4018-B8F7-8CC49F174340} = {827E0CD3-B72D-47B6-A68D-7590B98EB39B}
		{787807A7-5C9F-40D8-817F-3E5D5A5EF12D} = {827E0CD3-B72D-47B6-A68D-7590B98EB39B}
		{7238990C-D66D-4EED-9A14-DBBDFAB8C476} = {827E0CD3-B72D-47B6-A68D-7590B98EB39B}
	EndGlobalSection
EndGlobal
